
Microsoft Visual Studio Solution File, Format Version 12.00
# Visual Studio 14
VisualStudioVersion = 14.0.25123.0
MinimumVisualStudioVersion = 10.0.40219.1
Project("{2150E333-8FDC-42A3-9474-1A3956D46DE8}") = "src", "src", "{E462BFD8-0260-40A1-9B3B-BEFE09987479}"
EndProject
Project("{2150E333-8FDC-42A3-9474-1A3956D46DE8}") = "Solution Items", "Solution Items", "{1FC49B67-80A2-426A-A117-E2EC794F2DB2}"
	ProjectSection(SolutionItems) = preProject
		global.json = global.json
	EndProjectSection
EndProject
Project("{8BB2217D-0F2D-49D1-97BC-3654ED321F3B}") = "Grupa 5", "src\Grupa 5\Grupa 5.xproj", "{86B63454-8905-45A3-A231-7059272F8823}"
EndProject
Global
	GlobalSection(SolutionConfigurationPlatforms) = preSolution
		Debug|Any CPU = Debug|Any CPU
		Release|Any CPU = Release|Any CPU
	EndGlobalSection
	GlobalSection(ProjectConfigurationPlatforms) = postSolution
		{86B63454-8905-45A3-A231-7059272F8823}.Debug|Any CPU.ActiveCfg = Debug|Any CPU
		{86B63454-8905-45A3-A231-7059272F8823}.Debug|Any CPU.Build.0 = Debug|Any CPU
		{86B63454-8905-45A3-A231-7059272F8823}.Release|Any CPU.ActiveCfg = Release|Any CPU
		{86B63454-8905-45A3-A231-7059272F8823}.Release|Any CPU.Build.0 = Release|Any CPU
	EndGlobalSection
	GlobalSection(SolutionProperties) = preSolution
		HideSolutionNode = FALSE
	EndGlobalSection
	GlobalSection(NestedProjects) = preSolution
		{86B63454-8905-45A3-A231-7059272F8823} = {E462BFD8-0260-40A1-9B3B-BEFE09987479}
	EndGlobalSection
EndGlobal
